# THIS IS AN AUTOGENERATED FILE. DO NOT EDIT THIS FILE DIRECTLY.
# yarn lockfile v1


core-js@^3.6.5:
  version "3.20.3"
  resolved "https://registry.yarnpkg.com/core-js/-/core-js-3.20.3.tgz#c710d0a676e684522f3db4ee84e5e18a9d11d69a"
  integrity sha512-vVl8j8ph6tRS3B8qir40H7yw7voy17xL0piAjlbBUsH7WIfzoedL/ZOr1OV9FyZQLWXsayOJyV4tnRyXR85/ag==

nuxt-video-player@^1.0.17:
  version "1.0.17"
  resolved "https://registry.yarnpkg.com/nuxt-video-player/-/nuxt-video-player-1.0.17.tgz#1292693574e2b0df0cc3331c2d75bdb38c9db8a5"
  integrity sha512-Oiu6HN+jnY22XhsC7bzim0Ubo4ZFD2Fv+fA2LvOqmOdAjasFV+4ltRiD7E4b1tx9R+KaGXcNIk7xSTIPl4Ks5Q==
  dependencies:
    core-js "^3.6.5"
    vue "^2.6.11"

vue@^2.6.11:
  version "2.6.14"
  resolved "https://registry.yarnpkg.com/vue/-/vue-2.6.14.tgz#e51aa5250250d569a3fbad3a8a5a687d6036e235"
  integrity sha512-x2284lgYvjOMj3Za7kqzRcUSxBboHqtgRE2zlos1qWaOye5yUmHn42LB1250NJBLRwEcdrB0JRwyPTEPhfQjiQ==
